
Microsoft Visual Studio Solution File, Format Version 12.00
# Visual Studio 2013
VisualStudioVersion = 12.0.31101.0
MinimumVisualStudioVersion = 10.0.40219.1
Project("{FAE04EC0-301F-11D3-BF4B-00C04F79EFBC}") = "PrivateChef", "PrivateChef\PrivateChef.csproj", "{2356BFA1-275E-4A93-AE92-6DF9BD9808B5}"
EndProject
Project("{FAE04EC0-301F-11D3-BF4B-00C04F79EFBC}") = "DAL", "DAL\DAL.csproj", "{0490F8AB-E5AF-4146-AA77-47AFFAD432C1}"
EndProject
Project("{FAE04EC0-301F-11D3-BF4B-00C04F79EFBC}") = "Model", "Model\Model.csproj", "{A679D59B-F070-4ED1-9B44-3C508C557550}"
EndProject
Project("{FAE04EC0-301F-11D3-BF4B-00C04F79EFBC}") = "Test", "Test\Test.csproj", "{C8889A07-EB11-455D-8965-6149EFA382C6}"
EndProject
Project("{2150E333-8FDC-42A3-9474-1A3956D46DE8}") = ".nuget", ".nuget", "{1523D3FC-AD97-4739-9D35-DA73656F3A2B}"
	ProjectSection(SolutionItems) = preProject
		.nuget\packages.config = .nuget\packages.config
	EndProjectSection
EndProject
Project("{FAE04EC0-301F-11D3-BF4B-00C04F79EFBC}") = "KMLMap", "KMLMap\KMLMap.csproj", "{A5E031A5-29AD-47B2-AEC5-6D9E3D614E66}"
EndProject
Global
	GlobalSection(SolutionConfigurationPlatforms) = preSolution
		Debug|Any CPU = Debug|Any CPU
		Release|Any CPU = Release|Any CPU
	EndGlobalSection
	GlobalSection(ProjectConfigurationPlatforms) = postSolution
		{2356BFA1-275E-4A93-AE92-6DF9BD9808B5}.Debug|Any CPU.ActiveCfg = Debug|Any CPU
		{2356BFA1-275E-4A93-AE92-6DF9BD9808B5}.Debug|Any CPU.Build.0 = Debug|Any CPU
		{2356BFA1-275E-4A93-AE92-6DF9BD9808B5}.Release|Any CPU.ActiveCfg = Release|Any CPU
		{2356BFA1-275E-4A93-AE92-6DF9BD9808B5}.Release|Any CPU.Build.0 = Release|Any CPU
		{0490F8AB-E5AF-4146-AA77-47AFFAD432C1}.Debug|Any CPU.ActiveCfg = Debug|Any CPU
		{0490F8AB-E5AF-4146-AA77-47AFFAD432C1}.Debug|Any CPU.Build.0 = Debug|Any CPU
		{0490F8AB-E5AF-4146-AA77-47AFFAD432C1}.Release|Any CPU.ActiveCfg = Release|Any CPU
		{0490F8AB-E5AF-4146-AA77-47AFFAD432C1}.Release|Any CPU.Build.0 = Release|Any CPU
		{A679D59B-F070-4ED1-9B44-3C508C557550}.Debug|Any CPU.ActiveCfg = Debug|Any CPU
		{A679D59B-F070-4ED1-9B44-3C508C557550}.Debug|Any CPU.Build.0 = Debug|Any CPU
		{A679D59B-F070-4ED1-9B44-3C508C557550}.Release|Any CPU.ActiveCfg = Release|Any CPU
		{A679D59B-F070-4ED1-9B44-3C508C557550}.Release|Any CPU.Build.0 = Release|Any CPU
		{C8889A07-EB11-455D-8965-6149EFA382C6}.Debug|Any CPU.ActiveCfg = Debug|Any CPU
		{C8889A07-EB11-455D-8965-6149EFA382C6}.Debug|Any CPU.Build.0 = Debug|Any CPU
		{C8889A07-EB11-455D-8965-6149EFA382C6}.Release|Any CPU.ActiveCfg = Release|Any CPU
		{C8889A07-EB11-455D-8965-6149EFA382C6}.Release|Any CPU.Build.0 = Release|Any CPU
		{A5E031A5-29AD-47B2-AEC5-6D9E3D614E66}.Debug|Any CPU.ActiveCfg = Debug|Any CPU
		{A5E031A5-29AD-47B2-AEC5-6D9E3D614E66}.Debug|Any CPU.Build.0 = Debug|Any CPU
		{A5E031A5-29AD-47B2-AEC5-6D9E3D614E66}.Release|Any CPU.ActiveCfg = Release|Any CPU
		{A5E031A5-29AD-47B2-AEC5-6D9E3D614E66}.Release|Any CPU.Build.0 = Release|Any CPU
	EndGlobalSection
	GlobalSection(SolutionProperties) = preSolution
		HideSolutionNode = FALSE
	EndGlobalSection
	GlobalSection(ExtensibilityGlobals) = postSolution
		VisualSVNWorkingCopyRoot = .
	EndGlobalSection
EndGlobal
